
Microsoft Visual Studio Solution File, Format Version 12.00
# Visual Studio Version 16
VisualStudioVersion = 16.0.30621.155
MinimumVisualStudioVersion = 10.0.40219.1
Project("{FAE04EC0-301F-11D3-BF4B-00C04F79EFBC}") = "Komodo_Cafe_Repo", "Komodo_Cafe_Repo.csproj", "{49213EBC-2715-4584-9304-057456ED2D44}"
EndProject
Project("{FAE04EC0-301F-11D3-BF4B-00C04F79EFBC}") = "Komodo_Cafe_Console", "Komodo_Cafe_Console\Komodo_Cafe_Console.csproj", "{DACC4106-1C1B-4D83-BBAC-D4637267544F}"
EndProject
Project("{FAE04EC0-301F-11D3-BF4B-00C04F79EFBC}") = "Komodo_Cafe_Tests", "Komodo_Cafe_Tests\Komodo_Cafe_Tests.csproj", "{2E18A8BE-8088-4ECB-9EEF-D4E09C724A97}"
EndProject
Project("{FAE04EC0-301F-11D3-BF4B-00C04F79EFBC}") = "Komodo_Claims_Repo", "Komodo_Claims_Repo\Komodo_Claims_Repo.csproj", "{66550E92-DEF3-4BA0-88EF-077C5DB13969}"
EndProject
Project("{FAE04EC0-301F-11D3-BF4B-00C04F79EFBC}") = "Komodo_Claims_Console", "Komodo_Claims_Console\Komodo_Claims_Console.csproj", "{6881942A-3B37-4705-8F0E-DAA101AD3F92}"
EndProject
Project("{FAE04EC0-301F-11D3-BF4B-00C04F79EFBC}") = "Komodo_Claims_Tests", "Komodo_Claims_Tests\Komodo_Claims_Tests.csproj", "{625BAD6D-674C-498B-8E7D-E52E00539FB4}"
EndProject
Project("{FAE04EC0-301F-11D3-BF4B-00C04F79EFBC}") = "Komodo_Insurance_Tests", "Komodo_Insurance_Tests\Komodo_Insurance_Tests.csproj", "{1178E043-4CCB-45BC-8D0D-0FB8007F89D6}"
EndProject
Project("{FAE04EC0-301F-11D3-BF4B-00C04F79EFBC}") = "Komodo_Insurance_Console", "Komodo_Insurance_Console\Komodo_Insurance_Console.csproj", "{22FD6C1E-A77D-46FF-9B9F-07A7E909956E}"
EndProject
Project("{FAE04EC0-301F-11D3-BF4B-00C04F79EFBC}") = "Komodo_Insurance_Repo", "Komodo_Insurance_Repo\Komodo_Insurance_Repo.csproj", "{1F4E6BAE-20E6-4649-9E30-4DC3111493E3}"
EndProject
Project("{FAE04EC0-301F-11D3-BF4B-00C04F79EFBC}") = "Komodo_Outings_Repo", "Komodo_Outings_Repo\Komodo_Outings_Repo.csproj", "{18B55CE9-A372-4587-B329-3706993E7F62}"
EndProject
Project("{FAE04EC0-301F-11D3-BF4B-00C04F79EFBC}") = "Komodo_Outings_Tests", "Komodo_Outings_Tests\Komodo_Outings_Tests.csproj", "{B3C08431-A083-4932-A0C4-8AE25ECC49E2}"
EndProject
Project("{FAE04EC0-301F-11D3-BF4B-00C04F79EFBC}") = "Komodo_Outings_Console", "..\Komodo_Outings_Console\Komodo_Outings_Console.csproj", "{14409C67-728B-4DD6-AEBC-19A30D4AA447}"
EndProject
Global
	GlobalSection(SolutionConfigurationPlatforms) = preSolution
		Debug|Any CPU = Debug|Any CPU
		Release|Any CPU = Release|Any CPU
	EndGlobalSection
	GlobalSection(ProjectConfigurationPlatforms) = postSolution
		{49213EBC-2715-4584-9304-057456ED2D44}.Debug|Any CPU.ActiveCfg = Debug|Any CPU
		{49213EBC-2715-4584-9304-057456ED2D44}.Debug|Any CPU.Build.0 = Debug|Any CPU
		{49213EBC-2715-4584-9304-057456ED2D44}.Release|Any CPU.ActiveCfg = Release|Any CPU
		{49213EBC-2715-4584-9304-057456ED2D44}.Release|Any CPU.Build.0 = Release|Any CPU
		{DACC4106-1C1B-4D83-BBAC-D4637267544F}.Debug|Any CPU.ActiveCfg = Debug|Any CPU
		{DACC4106-1C1B-4D83-BBAC-D4637267544F}.Debug|Any CPU.Build.0 = Debug|Any CPU
		{DACC4106-1C1B-4D83-BBAC-D4637267544F}.Release|Any CPU.ActiveCfg = Release|Any CPU
		{DACC4106-1C1B-4D83-BBAC-D4637267544F}.Release|Any CPU.Build.0 = Release|Any CPU
		{2E18A8BE-8088-4ECB-9EEF-D4E09C724A97}.Debug|Any CPU.ActiveCfg = Debug|Any CPU
		{2E18A8BE-8088-4ECB-9EEF-D4E09C724A97}.Debug|Any CPU.Build.0 = Debug|Any CPU
		{2E18A8BE-8088-4ECB-9EEF-D4E09C724A97}.Release|Any CPU.ActiveCfg = Release|Any CPU
		{2E18A8BE-8088-4ECB-9EEF-D4E09C724A97}.Release|Any CPU.Build.0 = Release|Any CPU
		{66550E92-DEF3-4BA0-88EF-077C5DB13969}.Debug|Any CPU.ActiveCfg = Debug|Any CPU
		{66550E92-DEF3-4BA0-88EF-077C5DB13969}.Debug|Any CPU.Build.0 = Debug|Any CPU
		{66550E92-DEF3-4BA0-88EF-077C5DB13969}.Release|Any CPU.ActiveCfg = Release|Any CPU
		{66550E92-DEF3-4BA0-88EF-077C5DB13969}.Release|Any CPU.Build.0 = Release|Any CPU
		{6881942A-3B37-4705-8F0E-DAA101AD3F92}.Debug|Any CPU.ActiveCfg = Debug|Any CPU
		{6881942A-3B37-4705-8F0E-DAA101AD3F92}.Debug|Any CPU.Build.0 = Debug|Any CPU
		{6881942A-3B37-4705-8F0E-DAA101AD3F92}.Release|Any CPU.ActiveCfg = Release|Any CPU
		{6881942A-3B37-4705-8F0E-DAA101AD3F92}.Release|Any CPU.Build.0 = Release|Any CPU
		{625BAD6D-674C-498B-8E7D-E52E00539FB4}.Debug|Any CPU.ActiveCfg = Debug|Any CPU
		{625BAD6D-674C-498B-8E7D-E52E00539FB4}.Debug|Any CPU.Build.0 = Debug|Any CPU
		{625BAD6D-674C-498B-8E7D-E52E00539FB4}.Release|Any CPU.ActiveCfg = Release|Any CPU
		{625BAD6D-674C-498B-8E7D-E52E00539FB4}.Release|Any CPU.Build.0 = Release|Any CPU
		{1178E043-4CCB-45BC-8D0D-0FB8007F89D6}.Debug|Any CPU.ActiveCfg = Debug|Any CPU
		{1178E043-4CCB-45BC-8D0D-0FB8007F89D6}.Debug|Any CPU.Build.0 = Debug|Any CPU
		{1178E043-4CCB-45BC-8D0D-0FB8007F89D6}.Release|Any CPU.ActiveCfg = Release|Any CPU
		{1178E043-4CCB-45BC-8D0D-0FB8007F89D6}.Release|Any CPU.Build.0 = Release|Any CPU
		{22FD6C1E-A77D-46FF-9B9F-07A7E909956E}.Debug|Any CPU.ActiveCfg = Debug|Any CPU
		{22FD6C1E-A77D-46FF-9B9F-07A7E909956E}.Debug|Any CPU.Build.0 = Debug|Any CPU
		{22FD6C1E-A77D-46FF-9B9F-07A7E909956E}.Release|Any CPU.ActiveCfg = Release|Any CPU
		{22FD6C1E-A77D-46FF-9B9F-07A7E909956E}.Release|Any CPU.Build.0 = Release|Any CPU
		{1F4E6BAE-20E6-4649-9E30-4DC3111493E3}.Debug|Any CPU.ActiveCfg = Debug|Any CPU
		{1F4E6BAE-20E6-4649-9E30-4DC3111493E3}.Debug|Any CPU.Build.0 = Debug|Any CPU
		{1F4E6BAE-20E6-4649-9E30-4DC3111493E3}.Release|Any CPU.ActiveCfg = Release|Any CPU
		{1F4E6BAE-20E6-4649-9E30-4DC3111493E3}.Release|Any CPU.Build.0 = Release|Any CPU
		{18B55CE9-A372-4587-B329-3706993E7F62}.Debug|Any CPU.ActiveCfg = Debug|Any CPU
		{18B55CE9-A372-4587-B329-3706993E7F62}.Debug|Any CPU.Build.0 = Debug|Any CPU
		{18B55CE9-A372-4587-B329-3706993E7F62}.Release|Any CPU.ActiveCfg = Release|Any CPU
		{18B55CE9-A372-4587-B329-3706993E7F62}.Release|Any CPU.Build.0 = Release|Any CPU
		{B3C08431-A083-4932-A0C4-8AE25ECC49E2}.Debug|Any CPU.ActiveCfg = Debug|Any CPU
		{B3C08431-A083-4932-A0C4-8AE25ECC49E2}.Debug|Any CPU.Build.0 = Debug|Any CPU
		{B3C08431-A083-4932-A0C4-8AE25ECC49E2}.Release|Any CPU.ActiveCfg = Release|Any CPU
		{B3C08431-A083-4932-A0C4-8AE25ECC49E2}.Release|Any CPU.Build.0 = Release|Any CPU
		{14409C67-728B-4DD6-AEBC-19A30D4AA447}.Debug|Any CPU.ActiveCfg = Debug|Any CPU
		{14409C67-728B-4DD6-AEBC-19A30D4AA447}.Debug|Any CPU.Build.0 = Debug|Any CPU
		{14409C67-728B-4DD6-AEBC-19A30D4AA447}.Release|Any CPU.ActiveCfg = Release|Any CPU
		{14409C67-728B-4DD6-AEBC-19A30D4AA447}.Release|Any CPU.Build.0 = Release|Any CPU
	EndGlobalSection
	GlobalSection(SolutionProperties) = preSolution
		HideSolutionNode = FALSE
	EndGlobalSection
	GlobalSection(ExtensibilityGlobals) = postSolution
		SolutionGuid = {5B61735B-5F51-43F7-BFD4-0DBA0C9E4591}
	EndGlobalSection
EndGlobal
